// !$*UTF8*$!
{
	archiveVersion = 1;
	classes = {
	};
	objectVersion = 46;
	objects = {

/* Begin PBXBuildFile section */
		1C883064AFFE4027812126D1 /* libPods-KiwiUnitTest.a in Frameworks */ = {isa = PBXBuildFile; fileRef = 7903646975A844629D7AFF85 /* libPods-KiwiUnitTest.a */; };
		550C3C5AA6C64F71B3886653 /* libPods.a in Frameworks */ = {isa = PBXBuildFile; fileRef = 1598E5602270463EA891B6DC /* libPods.a */; };
		EB3647AC17D4801200C58E7F /* PTNewPitchViewController.m in Sources */ = {isa = PBXBuildFile; fileRef = EB3647AB17D4801200C58E7F /* PTNewPitchViewController.m */; };
		EB3647B017D48C0700C58E7F /* PTStoreViewController.m in Sources */ = {isa = PBXBuildFile; fileRef = EB3647AF17D48C0700C58E7F /* PTStoreViewController.m */; };
		EB3647B417D4B6A500C58E7F /* PTSettingViewController.m in Sources */ = {isa = PBXBuildFile; fileRef = EB3647B317D4B6A500C58E7F /* PTSettingViewController.m */; };
		EB388C5A17CF8C54000C668F /* SenTestingKit.framework in Frameworks */ = {isa = PBXBuildFile; fileRef = EBA3E96117B53C6E0012CD08 /* SenTestingKit.framework */; };
		EB388C5B17CF8C55000C668F /* UIKit.framework in Frameworks */ = {isa = PBXBuildFile; fileRef = EBA3E93E17B53C6E0012CD08 /* UIKit.framework */; };
		EB388C5C17CF8C55000C668F /* Foundation.framework in Frameworks */ = {isa = PBXBuildFile; fileRef = EBA3E94017B53C6E0012CD08 /* Foundation.framework */; };
		EB388C6217CF8C55000C668F /* InfoPlist.strings in Resources */ = {isa = PBXBuildFile; fileRef = EB388C6017CF8C55000C668F /* InfoPlist.strings */; };
		EB388C6C17CF9289000C668F /* PTSampleSpec.m in Sources */ = {isa = PBXBuildFile; fileRef = EB388C6B17CF9289000C668F /* PTSampleSpec.m */; };
		EB750CD717CF9A83000FC4F8 /* PTScreenTimerSpec.m in Sources */ = {isa = PBXBuildFile; fileRef = EB750CD617CF9A83000FC4F8 /* PTScreenTimerSpec.m */; };
		EB750CD917CFB543000FC4F8 /* CoreText.framework in Frameworks */ = {isa = PBXBuildFile; fileRef = EB750CD817CFB543000FC4F8 /* CoreText.framework */; };
		EBA3E93F17B53C6E0012CD08 /* UIKit.framework in Frameworks */ = {isa = PBXBuildFile; fileRef = EBA3E93E17B53C6E0012CD08 /* UIKit.framework */; };
		EBA3E94117B53C6E0012CD08 /* Foundation.framework in Frameworks */ = {isa = PBXBuildFile; fileRef = EBA3E94017B53C6E0012CD08 /* Foundation.framework */; };
		EBA3E94317B53C6E0012CD08 /* CoreGraphics.framework in Frameworks */ = {isa = PBXBuildFile; fileRef = EBA3E94217B53C6E0012CD08 /* CoreGraphics.framework */; };
		EBA3E94517B53C6E0012CD08 /* CoreData.framework in Frameworks */ = {isa = PBXBuildFile; fileRef = EBA3E94417B53C6E0012CD08 /* CoreData.framework */; };
		EBA3E94B17B53C6E0012CD08 /* InfoPlist.strings in Resources */ = {isa = PBXBuildFile; fileRef = EBA3E94917B53C6E0012CD08 /* InfoPlist.strings */; };
		EBA3E94D17B53C6E0012CD08 /* main.m in Sources */ = {isa = PBXBuildFile; fileRef = EBA3E94C17B53C6E0012CD08 /* main.m */; };
		EBA3E95117B53C6E0012CD08 /* PTAppDelegate.m in Sources */ = {isa = PBXBuildFile; fileRef = EBA3E95017B53C6E0012CD08 /* PTAppDelegate.m */; };
		EBA3E95317B53C6E0012CD08 /* Default.png in Resources */ = {isa = PBXBuildFile; fileRef = EBA3E95217B53C6E0012CD08 /* Default.png */; };
		EBA3E95517B53C6E0012CD08 /* Default@2x.png in Resources */ = {isa = PBXBuildFile; fileRef = EBA3E95417B53C6E0012CD08 /* Default@2x.png */; };
		EBA3E95717B53C6E0012CD08 /* Default-568h@2x.png in Resources */ = {isa = PBXBuildFile; fileRef = EBA3E95617B53C6E0012CD08 /* Default-568h@2x.png */; };
		EBA3E95A17B53C6E0012CD08 /* PitchTimer.xcdatamodeld in Sources */ = {isa = PBXBuildFile; fileRef = EBA3E95817B53C6E0012CD08 /* PitchTimer.xcdatamodeld */; };
		EBA3E98317B53D280012CD08 /* PTMainViewController.m in Sources */ = {isa = PBXBuildFile; fileRef = EBA3E98117B53D280012CD08 /* PTMainViewController.m */; };
		EBA3E98417B53D280012CD08 /* PTMainViewController.xib in Resources */ = {isa = PBXBuildFile; fileRef = EBA3E98217B53D280012CD08 /* PTMainViewController.xib */; };
		EBA3E98717B53E410012CD08 /* PTScreenTimer.m in Sources */ = {isa = PBXBuildFile; fileRef = EBA3E98617B53E410012CD08 /* PTScreenTimer.m */; };
		EBA3E99117B5D5270012CD08 /* PTListPitchViewController.m in Sources */ = {isa = PBXBuildFile; fileRef = EBA3E98F17B5D5270012CD08 /* PTListPitchViewController.m */; };
		EBA3E99217B5D5270012CD08 /* PTListPitchViewController.xib in Resources */ = {isa = PBXBuildFile; fileRef = EBA3E99017B5D5270012CD08 /* PTListPitchViewController.xib */; };
		EBA3E99817B5D8400012CD08 /* PTListPitchCell.m in Sources */ = {isa = PBXBuildFile; fileRef = EBA3E99717B5D8400012CD08 /* PTListPitchCell.m */; };
/* End PBXBuildFile section */

/* Begin PBXFileReference section */
		0BF34B248D784032B22A0387 /* Pods-KiwiUnitTest.xcconfig */ = {isa = PBXFileReference; includeInIndex = 1; lastKnownFileType = text.xcconfig; name = "Pods-KiwiUnitTest.xcconfig"; path = "Pods/Pods-KiwiUnitTest.xcconfig"; sourceTree = SOURCE_ROOT; };
		1598E5602270463EA891B6DC /* libPods.a */ = {isa = PBXFileReference; explicitFileType = archive.ar; includeInIndex = 0; path = libPods.a; sourceTree = BUILT_PRODUCTS_DIR; };
		7903646975A844629D7AFF85 /* libPods-KiwiUnitTest.a */ = {isa = PBXFileReference; explicitFileType = archive.ar; includeInIndex = 0; path = "libPods-KiwiUnitTest.a"; sourceTree = BUILT_PRODUCTS_DIR; };
		A929F7AF49084318BD710EA6 /* Pods.xcconfig */ = {isa = PBXFileReference; includeInIndex = 1; lastKnownFileType = text.xcconfig; name = Pods.xcconfig; path = Pods/Pods.xcconfig; sourceTree = SOURCE_ROOT; };
		EB3647AA17D4801200C58E7F /* PTNewPitchViewController.h */ = {isa = PBXFileReference; fileEncoding = 4; lastKnownFileType = sourcecode.c.h; path = PTNewPitchViewController.h; sourceTree = "<group>"; };
		EB3647AB17D4801200C58E7F /* PTNewPitchViewController.m */ = {isa = PBXFileReference; fileEncoding = 4; lastKnownFileType = sourcecode.c.objc; path = PTNewPitchViewController.m; sourceTree = "<group>"; };
		EB3647AE17D48C0700C58E7F /* PTStoreViewController.h */ = {isa = PBXFileReference; fileEncoding = 4; lastKnownFileType = sourcecode.c.h; path = PTStoreViewController.h; sourceTree = "<group>"; };
		EB3647AF17D48C0700C58E7F /* PTStoreViewController.m */ = {isa = PBXFileReference; fileEncoding = 4; lastKnownFileType = sourcecode.c.objc; path = PTStoreViewController.m; sourceTree = "<group>"; };
		EB3647B217D4B6A500C58E7F /* PTSettingViewController.h */ = {isa = PBXFileReference; fileEncoding = 4; lastKnownFileType = sourcecode.c.h; path = PTSettingViewController.h; sourceTree = "<group>"; };
		EB3647B317D4B6A500C58E7F /* PTSettingViewController.m */ = {isa = PBXFileReference; fileEncoding = 4; lastKnownFileType = sourcecode.c.objc; path = PTSettingViewController.m; sourceTree = "<group>"; };
		EB388C5917CF8C54000C668F /* KiwiUnitTest.octest */ = {isa = PBXFileReference; explicitFileType = wrapper.cfbundle; includeInIndex = 0; path = KiwiUnitTest.octest; sourceTree = BUILT_PRODUCTS_DIR; };
		EB388C5F17CF8C55000C668F /* KiwiUnitTest-Info.plist */ = {isa = PBXFileReference; lastKnownFileType = text.plist.xml; path = "KiwiUnitTest-Info.plist"; sourceTree = "<group>"; };
		EB388C6117CF8C55000C668F /* en */ = {isa = PBXFileReference; lastKnownFileType = text.plist.strings; name = en; path = en.lproj/InfoPlist.strings; sourceTree = "<group>"; };
		EB388C6B17CF9289000C668F /* PTSampleSpec.m */ = {isa = PBXFileReference; fileEncoding = 4; lastKnownFileType = sourcecode.c.objc; path = PTSampleSpec.m; sourceTree = "<group>"; };
		EB750CD217CF97D4000FC4F8 /* KiwiUnitTest-Prefix.pch */ = {isa = PBXFileReference; fileEncoding = 4; lastKnownFileType = sourcecode.c.h; path = "KiwiUnitTest-Prefix.pch"; sourceTree = "<group>"; };
		EB750CD617CF9A83000FC4F8 /* PTScreenTimerSpec.m */ = {isa = PBXFileReference; fileEncoding = 4; lastKnownFileType = sourcecode.c.objc; path = PTScreenTimerSpec.m; sourceTree = "<group>"; };
		EB750CD817CFB543000FC4F8 /* CoreText.framework */ = {isa = PBXFileReference; lastKnownFileType = wrapper.framework; name = CoreText.framework; path = System/Library/Frameworks/CoreText.framework; sourceTree = SDKROOT; };
		EBA3E93B17B53C6E0012CD08 /* PitchTimer.app */ = {isa = PBXFileReference; explicitFileType = wrapper.application; includeInIndex = 0; path = PitchTimer.app; sourceTree = BUILT_PRODUCTS_DIR; };
		EBA3E93E17B53C6E0012CD08 /* UIKit.framework */ = {isa = PBXFileReference; lastKnownFileType = wrapper.framework; name = UIKit.framework; path = System/Library/Frameworks/UIKit.framework; sourceTree = SDKROOT; };
		EBA3E94017B53C6E0012CD08 /* Foundation.framework */ = {isa = PBXFileReference; lastKnownFileType = wrapper.framework; name = Foundation.framework; path = System/Library/Frameworks/Foundation.framework; sourceTree = SDKROOT; };
		EBA3E94217B53C6E0012CD08 /* CoreGraphics.framework */ = {isa = PBXFileReference; lastKnownFileType = wrapper.framework; name = CoreGraphics.framework; path = System/Library/Frameworks/CoreGraphics.framework; sourceTree = SDKROOT; };
		EBA3E94417B53C6E0012CD08 /* CoreData.framework */ = {isa = PBXFileReference; lastKnownFileType = wrapper.framework; name = CoreData.framework; path = System/Library/Frameworks/CoreData.framework; sourceTree = SDKROOT; };
		EBA3E94817B53C6E0012CD08 /* PitchTimer-Info.plist */ = {isa = PBXFileReference; lastKnownFileType = text.plist.xml; path = "PitchTimer-Info.plist"; sourceTree = "<group>"; };
		EBA3E94A17B53C6E0012CD08 /* en */ = {isa = PBXFileReference; lastKnownFileType = text.plist.strings; name = en; path = en.lproj/InfoPlist.strings; sourceTree = "<group>"; };
		EBA3E94C17B53C6E0012CD08 /* main.m */ = {isa = PBXFileReference; lastKnownFileType = sourcecode.c.objc; path = main.m; sourceTree = "<group>"; };
		EBA3E94E17B53C6E0012CD08 /* PitchTimer-Prefix.pch */ = {isa = PBXFileReference; lastKnownFileType = sourcecode.c.h; path = "PitchTimer-Prefix.pch"; sourceTree = "<group>"; };
		EBA3E94F17B53C6E0012CD08 /* PTAppDelegate.h */ = {isa = PBXFileReference; lastKnownFileType = sourcecode.c.h; path = PTAppDelegate.h; sourceTree = "<group>"; };
		EBA3E95017B53C6E0012CD08 /* PTAppDelegate.m */ = {isa = PBXFileReference; lastKnownFileType = sourcecode.c.objc; path = PTAppDelegate.m; sourceTree = "<group>"; };
		EBA3E95217B53C6E0012CD08 /* Default.png */ = {isa = PBXFileReference; lastKnownFileType = image.png; path = Default.png; sourceTree = "<group>"; };
		EBA3E95417B53C6E0012CD08 /* Default@2x.png */ = {isa = PBXFileReference; lastKnownFileType = image.png; path = "Default@2x.png"; sourceTree = "<group>"; };
		EBA3E95617B53C6E0012CD08 /* Default-568h@2x.png */ = {isa = PBXFileReference; lastKnownFileType = image.png; path = "Default-568h@2x.png"; sourceTree = "<group>"; };
		EBA3E95917B53C6E0012CD08 /* PitchTimer.xcdatamodel */ = {isa = PBXFileReference; lastKnownFileType = wrapper.xcdatamodel; path = PitchTimer.xcdatamodel; sourceTree = "<group>"; };
		EBA3E96117B53C6E0012CD08 /* SenTestingKit.framework */ = {isa = PBXFileReference; lastKnownFileType = wrapper.framework; name = SenTestingKit.framework; path = Library/Frameworks/SenTestingKit.framework; sourceTree = DEVELOPER_DIR; };
		EBA3E96A17B53C6E0012CD08 /* PitchTimerTests-Info.plist */ = {isa = PBXFileReference; lastKnownFileType = text.plist.xml; path = "PitchTimerTests-Info.plist"; sourceTree = "<group>"; };
		EBA3E96C17B53C6F0012CD08 /* en */ = {isa = PBXFileReference; lastKnownFileType = text.plist.strings; name = en; path = en.lproj/InfoPlist.strings; sourceTree = "<group>"; };
		EBA3E96E17B53C6F0012CD08 /* PitchTimerTests.h */ = {isa = PBXFileReference; lastKnownFileType = sourcecode.c.h; path = PitchTimerTests.h; sourceTree = "<group>"; };
		EBA3E96F17B53C6F0012CD08 /* PitchTimerTests.m */ = {isa = PBXFileReference; lastKnownFileType = sourcecode.c.objc; path = PitchTimerTests.m; sourceTree = "<group>"; };
		EBA3E98017B53D280012CD08 /* PTMainViewController.h */ = {isa = PBXFileReference; fileEncoding = 4; lastKnownFileType = sourcecode.c.h; path = PTMainViewController.h; sourceTree = "<group>"; };
		EBA3E98117B53D280012CD08 /* PTMainViewController.m */ = {isa = PBXFileReference; fileEncoding = 4; lastKnownFileType = sourcecode.c.objc; path = PTMainViewController.m; sourceTree = "<group>"; };
		EBA3E98217B53D280012CD08 /* PTMainViewController.xib */ = {isa = PBXFileReference; fileEncoding = 4; lastKnownFileType = file.xib; path = PTMainViewController.xib; sourceTree = "<group>"; };
		EBA3E98517B53E410012CD08 /* PTScreenTimer.h */ = {isa = PBXFileReference; fileEncoding = 4; lastKnownFileType = sourcecode.c.h; path = PTScreenTimer.h; sourceTree = "<group>"; };
		EBA3E98617B53E410012CD08 /* PTScreenTimer.m */ = {isa = PBXFileReference; fileEncoding = 4; lastKnownFileType = sourcecode.c.objc; path = PTScreenTimer.m; sourceTree = "<group>"; };
		EBA3E98917B5428C0012CD08 /* PTMacro.h */ = {isa = PBXFileReference; fileEncoding = 4; lastKnownFileType = sourcecode.c.h; path = PTMacro.h; sourceTree = "<group>"; };
		EBA3E98E17B5D5270012CD08 /* PTListPitchViewController.h */ = {isa = PBXFileReference; fileEncoding = 4; lastKnownFileType = sourcecode.c.h; path = PTListPitchViewController.h; sourceTree = "<group>"; };
		EBA3E98F17B5D5270012CD08 /* PTListPitchViewController.m */ = {isa = PBXFileReference; fileEncoding = 4; lastKnownFileType = sourcecode.c.objc; path = PTListPitchViewController.m; sourceTree = "<group>"; };
		EBA3E99017B5D5270012CD08 /* PTListPitchViewController.xib */ = {isa = PBXFileReference; fileEncoding = 4; lastKnownFileType = file.xib; path = PTListPitchViewController.xib; sourceTree = "<group>"; };
		EBA3E99617B5D8400012CD08 /* PTListPitchCell.h */ = {isa = PBXFileReference; fileEncoding = 4; lastKnownFileType = sourcecode.c.h; path = PTListPitchCell.h; sourceTree = "<group>"; };
		EBA3E99717B5D8400012CD08 /* PTListPitchCell.m */ = {isa = PBXFileReference; fileEncoding = 4; lastKnownFileType = sourcecode.c.objc; path = PTListPitchCell.m; sourceTree = "<group>"; };
/* End PBXFileReference section */

/* Begin PBXFrameworksBuildPhase section */
		EB388C5517CF8C54000C668F /* Frameworks */ = {
			isa = PBXFrameworksBuildPhase;
			buildActionMask = 2147483647;
			files = (
				EB388C5A17CF8C54000C668F /* SenTestingKit.framework in Frameworks */,
				EB388C5B17CF8C55000C668F /* UIKit.framework in Frameworks */,
				EB388C5C17CF8C55000C668F /* Foundation.framework in Frameworks */,
				1C883064AFFE4027812126D1 /* libPods-KiwiUnitTest.a in Frameworks */,
			);
			runOnlyForDeploymentPostprocessing = 0;
		};
		EBA3E93817B53C6E0012CD08 /* Frameworks */ = {
			isa = PBXFrameworksBuildPhase;
			buildActionMask = 2147483647;
			files = (
				EB750CD917CFB543000FC4F8 /* CoreText.framework in Frameworks */,
				EBA3E93F17B53C6E0012CD08 /* UIKit.framework in Frameworks */,
				EBA3E94117B53C6E0012CD08 /* Foundation.framework in Frameworks */,
				EBA3E94317B53C6E0012CD08 /* CoreGraphics.framework in Frameworks */,
				EBA3E94517B53C6E0012CD08 /* CoreData.framework in Frameworks */,
				550C3C5AA6C64F71B3886653 /* libPods.a in Frameworks */,
			);
			runOnlyForDeploymentPostprocessing = 0;
		};
/* End PBXFrameworksBuildPhase section */

/* Begin PBXGroup section */
		EB3647A917D47FF700C58E7F /* Create Pitch View  */ = {
			isa = PBXGroup;
			children = (
				EB3647AA17D4801200C58E7F /* PTNewPitchViewController.h */,
				EB3647AB17D4801200C58E7F /* PTNewPitchViewController.m */,
			);
			name = "Create Pitch View ";
			sourceTree = "<group>";
		};
		EB3647AD17D4818B00C58E7F /* Store View  */ = {
			isa = PBXGroup;
			children = (
				EB3647AE17D48C0700C58E7F /* PTStoreViewController.h */,
				EB3647AF17D48C0700C58E7F /* PTStoreViewController.m */,
			);
			name = "Store View ";
			sourceTree = "<group>";
		};
		EB3647B117D4B69300C58E7F /* Setting View  */ = {
			isa = PBXGroup;
			children = (
				EB3647B217D4B6A500C58E7F /* PTSettingViewController.h */,
				EB3647B317D4B6A500C58E7F /* PTSettingViewController.m */,
			);
			name = "Setting View ";
			sourceTree = "<group>";
		};
		EB388C5D17CF8C55000C668F /* KiwiUnitTest */ = {
			isa = PBXGroup;
			children = (
				EB750CD417CF9A69000FC4F8 /* Screen Timer Spec */,
				EB750CD317CF9A5E000FC4F8 /* SampleSpec */,
				EB388C5E17CF8C55000C668F /* Supporting Files */,
			);
			path = KiwiUnitTest;
			sourceTree = "<group>";
		};
		EB388C5E17CF8C55000C668F /* Supporting Files */ = {
			isa = PBXGroup;
			children = (
				EB750CD217CF97D4000FC4F8 /* KiwiUnitTest-Prefix.pch */,
				EB388C5F17CF8C55000C668F /* KiwiUnitTest-Info.plist */,
				EB388C6017CF8C55000C668F /* InfoPlist.strings */,
			);
			name = "Supporting Files";
			sourceTree = "<group>";
		};
		EB750CD317CF9A5E000FC4F8 /* SampleSpec */ = {
			isa = PBXGroup;
			children = (
				EB388C6B17CF9289000C668F /* PTSampleSpec.m */,
			);
			name = SampleSpec;
			sourceTree = "<group>";
		};
		EB750CD417CF9A69000FC4F8 /* Screen Timer Spec */ = {
			isa = PBXGroup;
			children = (
				EB750CD617CF9A83000FC4F8 /* PTScreenTimerSpec.m */,
			);
			name = "Screen Timer Spec";
			sourceTree = "<group>";
		};
		EB750CDE17CFBC30000FC4F8 /* Pitch Timer Cell */ = {
			isa = PBXGroup;
			children = (
				EBA3E99617B5D8400012CD08 /* PTListPitchCell.h */,
				EBA3E99717B5D8400012CD08 /* PTListPitchCell.m */,
			);
			name = "Pitch Timer Cell";
			sourceTree = "<group>";
		};
		EBA3E93217B53C6E0012CD08 = {
			isa = PBXGroup;
			children = (
				EBA3E94617B53C6E0012CD08 /* PitchTimer */,
				EBA3E96817B53C6E0012CD08 /* PitchTimerTests */,
				EB388C5D17CF8C55000C668F /* KiwiUnitTest */,
				EBA3E93D17B53C6E0012CD08 /* Frameworks */,
				EBA3E93C17B53C6E0012CD08 /* Products */,
				0BF34B248D784032B22A0387 /* Pods-KiwiUnitTest.xcconfig */,
				A929F7AF49084318BD710EA6 /* Pods.xcconfig */,
			);
			sourceTree = "<group>";
		};
		EBA3E93C17B53C6E0012CD08 /* Products */ = {
			isa = PBXGroup;
			children = (
				EBA3E93B17B53C6E0012CD08 /* PitchTimer.app */,
				EB388C5917CF8C54000C668F /* KiwiUnitTest.octest */,
			);
			name = Products;
			sourceTree = "<group>";
		};
		EBA3E93D17B53C6E0012CD08 /* Frameworks */ = {
			isa = PBXGroup;
			children = (
				EB750CD817CFB543000FC4F8 /* CoreText.framework */,
				EBA3E93E17B53C6E0012CD08 /* UIKit.framework */,
				EBA3E94017B53C6E0012CD08 /* Foundation.framework */,
				EBA3E94217B53C6E0012CD08 /* CoreGraphics.framework */,
				EBA3E94417B53C6E0012CD08 /* CoreData.framework */,
				EBA3E96117B53C6E0012CD08 /* SenTestingKit.framework */,
				7903646975A844629D7AFF85 /* libPods-KiwiUnitTest.a */,
				1598E5602270463EA891B6DC /* libPods.a */,
			);
			name = Frameworks;
			sourceTree = "<group>";
		};
		EBA3E94617B53C6E0012CD08 /* PitchTimer */ = {
			isa = PBXGroup;
			children = (
				EBA3E98817B542790012CD08 /* Macro */,
				EBA3E97C17B53C8B0012CD08 /* Libs */,
				EBA3E97B17B53C820012CD08 /* View Controllers */,
				EBA3E97A17B53C7C0012CD08 /* Controllers */,
				EBA3E97917B53C760012CD08 /* Models */,
				EBA3E94F17B53C6E0012CD08 /* PTAppDelegate.h */,
				EBA3E95017B53C6E0012CD08 /* PTAppDelegate.m */,
				EBA3E95817B53C6E0012CD08 /* PitchTimer.xcdatamodeld */,
				EBA3E94717B53C6E0012CD08 /* Supporting Files */,
			);
			path = PitchTimer;
			sourceTree = "<group>";
		};
		EBA3E94717B53C6E0012CD08 /* Supporting Files */ = {
			isa = PBXGroup;
			children = (
				EBA3E94817B53C6E0012CD08 /* PitchTimer-Info.plist */,
				EBA3E94917B53C6E0012CD08 /* InfoPlist.strings */,
				EBA3E94C17B53C6E0012CD08 /* main.m */,
				EBA3E94E17B53C6E0012CD08 /* PitchTimer-Prefix.pch */,
				EBA3E95217B53C6E0012CD08 /* Default.png */,
				EBA3E95417B53C6E0012CD08 /* Default@2x.png */,
				EBA3E95617B53C6E0012CD08 /* Default-568h@2x.png */,
			);
			name = "Supporting Files";
			sourceTree = "<group>";
		};
		EBA3E96817B53C6E0012CD08 /* PitchTimerTests */ = {
			isa = PBXGroup;
			children = (
				EBA3E96E17B53C6F0012CD08 /* PitchTimerTests.h */,
				EBA3E96F17B53C6F0012CD08 /* PitchTimerTests.m */,
				EBA3E96917B53C6E0012CD08 /* Supporting Files */,
			);
			path = PitchTimerTests;
			sourceTree = "<group>";
		};
		EBA3E96917B53C6E0012CD08 /* Supporting Files */ = {
			isa = PBXGroup;
			children = (
				EBA3E96A17B53C6E0012CD08 /* PitchTimerTests-Info.plist */,
				EBA3E96B17B53C6E0012CD08 /* InfoPlist.strings */,
			);
			name = "Supporting Files";
			sourceTree = "<group>";
		};
		EBA3E97917B53C760012CD08 /* Models */ = {
			isa = PBXGroup;
			children = (
			);
			name = Models;
			sourceTree = "<group>";
		};
		EBA3E97A17B53C7C0012CD08 /* Controllers */ = {
			isa = PBXGroup;
			children = (
			);
			name = Controllers;
			sourceTree = "<group>";
		};
		EBA3E97B17B53C820012CD08 /* View Controllers */ = {
			isa = PBXGroup;
			children = (
				EB3647B117D4B69300C58E7F /* Setting View  */,
				EB3647AD17D4818B00C58E7F /* Store View  */,
				EB3647A917D47FF700C58E7F /* Create Pitch View  */,
				EBA3E98B17B5D4DE0012CD08 /* List View  */,
				EBA3E98A17B5D4D10012CD08 /* Main View */,
			);
			name = "View Controllers";
			sourceTree = "<group>";
		};
		EBA3E97C17B53C8B0012CD08 /* Libs */ = {
			isa = PBXGroup;
			children = (
				EBA3E98517B53E410012CD08 /* PTScreenTimer.h */,
				EBA3E98617B53E410012CD08 /* PTScreenTimer.m */,
			);
			name = Libs;
			sourceTree = "<group>";
		};
		EBA3E98817B542790012CD08 /* Macro */ = {
			isa = PBXGroup;
			children = (
				EBA3E98917B5428C0012CD08 /* PTMacro.h */,
			);
			name = Macro;
			sourceTree = "<group>";
		};
		EBA3E98A17B5D4D10012CD08 /* Main View */ = {
			isa = PBXGroup;
			children = (
				EBA3E98017B53D280012CD08 /* PTMainViewController.h */,
				EBA3E98117B53D280012CD08 /* PTMainViewController.m */,
				EBA3E98217B53D280012CD08 /* PTMainViewController.xib */,
			);
			name = "Main View";
			sourceTree = "<group>";
		};
		EBA3E98B17B5D4DE0012CD08 /* List View  */ = {
			isa = PBXGroup;
			children = (
				EB750CDE17CFBC30000FC4F8 /* Pitch Timer Cell */,
				EBA3E98E17B5D5270012CD08 /* PTListPitchViewController.h */,
				EBA3E98F17B5D5270012CD08 /* PTListPitchViewController.m */,
				EBA3E99017B5D5270012CD08 /* PTListPitchViewController.xib */,
			);
			name = "List View ";
			sourceTree = "<group>";
		};
/* End PBXGroup section */

/* Begin PBXNativeTarget section */
		EB388C5817CF8C54000C668F /* KiwiUnitTest */ = {
			isa = PBXNativeTarget;
			buildConfigurationList = EB388C6917CF8C55000C668F /* Build configuration list for PBXNativeTarget "KiwiUnitTest" */;
			buildPhases = (
				1939DFA2F62548A2BFCF35A4 /* Check Pods Manifest.lock */,
				EB388C5417CF8C54000C668F /* Sources */,
				EB388C5517CF8C54000C668F /* Frameworks */,
				EB388C5617CF8C54000C668F /* Resources */,
				EB388C5717CF8C54000C668F /* ShellScript */,
				A5F707EF38FB4785AE3E2595 /* Copy Pods Resources */,
			);
			buildRules = (
			);
			dependencies = (
			);
			name = KiwiUnitTest;
			productName = KiwiUnitTest;
			productReference = EB388C5917CF8C54000C668F /* KiwiUnitTest.octest */;
			productType = "com.apple.product-type.bundle";
		};
		EBA3E93A17B53C6E0012CD08 /* PitchTimer */ = {
			isa = PBXNativeTarget;
			buildConfigurationList = EBA3E97317B53C6F0012CD08 /* Build configuration list for PBXNativeTarget "PitchTimer" */;
			buildPhases = (
				05F18617EA9F4EBAB2C0D170 /* Check Pods Manifest.lock */,
				EBA3E93717B53C6E0012CD08 /* Sources */,
				EBA3E93817B53C6E0012CD08 /* Frameworks */,
				EBA3E93917B53C6E0012CD08 /* Resources */,
				B4EBDE7CE36E4565BFEEBFF7 /* Copy Pods Resources */,
			);
			buildRules = (
			);
			dependencies = (
			);
			name = PitchTimer;
			productName = PitchTimer;
			productReference = EBA3E93B17B53C6E0012CD08 /* PitchTimer.app */;
			productType = "com.apple.product-type.application";
		};
/* End PBXNativeTarget section */

/* Begin PBXProject section */
		EBA3E93317B53C6E0012CD08 /* Project object */ = {
			isa = PBXProject;
			attributes = {
				CLASSPREFIX = PT;
				LastUpgradeCheck = 0460;
				ORGANIZATIONNAME = "Wahyu Sumartha";
			};
			buildConfigurationList = EBA3E93617B53C6E0012CD08 /* Build configuration list for PBXProject "PitchTimer" */;
			compatibilityVersion = "Xcode 3.2";
			developmentRegion = English;
			hasScannedForEncodings = 0;
			knownRegions = (
				en,
			);
			mainGroup = EBA3E93217B53C6E0012CD08;
			productRefGroup = EBA3E93C17B53C6E0012CD08 /* Products */;
			projectDirPath = "";
			projectRoot = "";
			targets = (
				EBA3E93A17B53C6E0012CD08 /* PitchTimer */,
				EB388C5817CF8C54000C668F /* KiwiUnitTest */,
			);
		};
/* End PBXProject section */

/* Begin PBXResourcesBuildPhase section */
		EB388C5617CF8C54000C668F /* Resources */ = {
			isa = PBXResourcesBuildPhase;
			buildActionMask = 2147483647;
			files = (
				EB388C6217CF8C55000C668F /* InfoPlist.strings in Resources */,
			);
			runOnlyForDeploymentPostprocessing = 0;
		};
		EBA3E93917B53C6E0012CD08 /* Resources */ = {
			isa = PBXResourcesBuildPhase;
			buildActionMask = 2147483647;
			files = (
				EBA3E94B17B53C6E0012CD08 /* InfoPlist.strings in Resources */,
				EBA3E95317B53C6E0012CD08 /* Default.png in Resources */,
				EBA3E95517B53C6E0012CD08 /* Default@2x.png in Resources */,
				EBA3E95717B53C6E0012CD08 /* Default-568h@2x.png in Resources */,
				EBA3E98417B53D280012CD08 /* PTMainViewController.xib in Resources */,
				EBA3E99217B5D5270012CD08 /* PTListPitchViewController.xib in Resources */,
			);
			runOnlyForDeploymentPostprocessing = 0;
		};
/* End PBXResourcesBuildPhase section */

/* Begin PBXShellScriptBuildPhase section */
		05F18617EA9F4EBAB2C0D170 /* Check Pods Manifest.lock */ = {
			isa = PBXShellScriptBuildPhase;
			buildActionMask = 2147483647;
			files = (
			);
			inputPaths = (
			);
			name = "Check Pods Manifest.lock";
			outputPaths = (
			);
			runOnlyForDeploymentPostprocessing = 0;
			shellPath = /bin/sh;
			shellScript = "diff \"${PODS_ROOT}/../Podfile.lock\" \"${PODS_ROOT}/Manifest.lock\" > /dev/null\nif [[ $? != 0 ]] ; then\n    cat << EOM\nerror: The sandbox is not in sync with the Podfile.lock. Run 'pod install' or update your CocoaPods installation.\nEOM\n    exit 1\nfi\n";
			showEnvVarsInLog = 0;
		};
		1939DFA2F62548A2BFCF35A4 /* Check Pods Manifest.lock */ = {
			isa = PBXShellScriptBuildPhase;
			buildActionMask = 2147483647;
			files = (
			);
			inputPaths = (
			);
			name = "Check Pods Manifest.lock";
			outputPaths = (
			);
			runOnlyForDeploymentPostprocessing = 0;
			shellPath = /bin/sh;
			shellScript = "diff \"${PODS_ROOT}/../Podfile.lock\" \"${PODS_ROOT}/Manifest.lock\" > /dev/null\nif [[ $? != 0 ]] ; then\n    cat << EOM\nerror: The sandbox is not in sync with the Podfile.lock. Run 'pod install' or update your CocoaPods installation.\nEOM\n    exit 1\nfi\n";
			showEnvVarsInLog = 0;
		};
		A5F707EF38FB4785AE3E2595 /* Copy Pods Resources */ = {
			isa = PBXShellScriptBuildPhase;
			buildActionMask = 2147483647;
			files = (
			);
			inputPaths = (
			);
			name = "Copy Pods Resources";
			outputPaths = (
			);
			runOnlyForDeploymentPostprocessing = 0;
			shellPath = /bin/sh;
			shellScript = "\"${SRCROOT}/Pods/Pods-KiwiUnitTest-resources.sh\"\n";
			showEnvVarsInLog = 0;
		};
		B4EBDE7CE36E4565BFEEBFF7 /* Copy Pods Resources */ = {
			isa = PBXShellScriptBuildPhase;
			buildActionMask = 2147483647;
			files = (
			);
			inputPaths = (
			);
			name = "Copy Pods Resources";
			outputPaths = (
			);
			runOnlyForDeploymentPostprocessing = 0;
			shellPath = /bin/sh;
			shellScript = "\"${SRCROOT}/Pods/Pods-resources.sh\"\n";
			showEnvVarsInLog = 0;
		};
		EB388C5717CF8C54000C668F /* ShellScript */ = {
			isa = PBXShellScriptBuildPhase;
			buildActionMask = 2147483647;
			files = (
			);
			inputPaths = (
			);
			outputPaths = (
			);
			runOnlyForDeploymentPostprocessing = 0;
			shellPath = /bin/sh;
			shellScript = "# Run the unit tests in this test bundle.\n\"${SYSTEM_DEVELOPER_DIR}/Tools/RunUnitTests\"\n";
		};
/* End PBXShellScriptBuildPhase section */

/* Begin PBXSourcesBuildPhase section */
		EB388C5417CF8C54000C668F /* Sources */ = {
			isa = PBXSourcesBuildPhase;
			buildActionMask = 2147483647;
			files = (
				EB388C6C17CF9289000C668F /* PTSampleSpec.m in Sources */,
				EB750CD717CF9A83000FC4F8 /* PTScreenTimerSpec.m in Sources */,
			);
			runOnlyForDeploymentPostprocessing = 0;
		};
		EBA3E93717B53C6E0012CD08 /* Sources */ = {
			isa = PBXSourcesBuildPhase;
			buildActionMask = 2147483647;
			files = (
				EBA3E94D17B53C6E0012CD08 /* main.m in Sources */,
				EBA3E95117B53C6E0012CD08 /* PTAppDelegate.m in Sources */,
				EBA3E95A17B53C6E0012CD08 /* PitchTimer.xcdatamodeld in Sources */,
				EBA3E98317B53D280012CD08 /* PTMainViewController.m in Sources */,
				EBA3E98717B53E410012CD08 /* PTScreenTimer.m in Sources */,
				EBA3E99117B5D5270012CD08 /* PTListPitchViewController.m in Sources */,
				EBA3E99817B5D8400012CD08 /* PTListPitchCell.m in Sources */,
				EB3647AC17D4801200C58E7F /* PTNewPitchViewController.m in Sources */,
				EB3647B017D48C0700C58E7F /* PTStoreViewController.m in Sources */,
				EB3647B417D4B6A500C58E7F /* PTSettingViewController.m in Sources */,
			);
			runOnlyForDeploymentPostprocessing = 0;
		};
/* End PBXSourcesBuildPhase section */

/* Begin PBXVariantGroup section */
		EB388C6017CF8C55000C668F /* InfoPlist.strings */ = {
			isa = PBXVariantGroup;
			children = (
				EB388C6117CF8C55000C668F /* en */,
			);
			name = InfoPlist.strings;
			sourceTree = "<group>";
		};
		EBA3E94917B53C6E0012CD08 /* InfoPlist.strings */ = {
			isa = PBXVariantGroup;
			children = (
				EBA3E94A17B53C6E0012CD08 /* en */,
			);
			name = InfoPlist.strings;
			sourceTree = "<group>";
		};
		EBA3E96B17B53C6E0012CD08 /* InfoPlist.strings */ = {
			isa = PBXVariantGroup;
			children = (
				EBA3E96C17B53C6F0012CD08 /* en */,
			);
			name = InfoPlist.strings;
			sourceTree = "<group>";
		};
/* End PBXVariantGroup section */

/* Begin XCBuildConfiguration section */
		EB388C6717CF8C55000C668F /* Debug */ = {
			isa = XCBuildConfiguration;
			baseConfigurationReference = 0BF34B248D784032B22A0387 /* Pods-KiwiUnitTest.xcconfig */;
			buildSettings = {
				BUNDLE_LOADER = "$(BUILT_PRODUCTS_DIR)/PitchTimer.app/PitchTimer";
				FRAMEWORK_SEARCH_PATHS = (
					"\"$(SDKROOT)/Developer/Library/Frameworks\"",
					"\"$(DEVELOPER_LIBRARY_DIR)/Frameworks\"",
				);
				GCC_PRECOMPILE_PREFIX_HEADER = YES;
				GCC_PREFIX_HEADER = "KiwiUnitTest/KiwiUnitTest-Prefix.pch";
				INFOPLIST_FILE = "KiwiUnitTest/KiwiUnitTest-Info.plist";
				PRODUCT_NAME = "$(TARGET_NAME)";
				TEST_HOST = "$(BUNDLE_LOADER)";
				WRAPPER_EXTENSION = octest;
			};
			name = Debug;
		};
		EB388C6817CF8C55000C668F /* Release */ = {
			isa = XCBuildConfiguration;
			baseConfigurationReference = 0BF34B248D784032B22A0387 /* Pods-KiwiUnitTest.xcconfig */;
			buildSettings = {
				BUNDLE_LOADER = "$(BUILT_PRODUCTS_DIR)/PitchTimer.app/PitchTimer";
				FRAMEWORK_SEARCH_PATHS = (
					"\"$(SDKROOT)/Developer/Library/Frameworks\"",
					"\"$(DEVELOPER_LIBRARY_DIR)/Frameworks\"",
				);
				GCC_PRECOMPILE_PREFIX_HEADER = YES;
				GCC_PREFIX_HEADER = "KiwiUnitTest/KiwiUnitTest-Prefix.pch";
				INFOPLIST_FILE = "KiwiUnitTest/KiwiUnitTest-Info.plist";
				PRODUCT_NAME = "$(TARGET_NAME)";
				TEST_HOST = "$(BUNDLE_LOADER)";
				WRAPPER_EXTENSION = octest;
			};
			name = Release;
		};
		EBA3E97117B53C6F0012CD08 /* Debug */ = {
			isa = XCBuildConfiguration;
			buildSettings = {
				ALWAYS_SEARCH_USER_PATHS = NO;
				CLANG_CXX_LANGUAGE_STANDARD = "gnu++0x";
				CLANG_CXX_LIBRARY = "libc++";
				CLANG_ENABLE_OBJC_ARC = YES;
				CLANG_WARN_CONSTANT_CONVERSION = YES;
				CLANG_WARN_EMPTY_BODY = YES;
				CLANG_WARN_ENUM_CONVERSION = YES;
				CLANG_WARN_INT_CONVERSION = YES;
				CLANG_WARN__DUPLICATE_METHOD_MATCH = YES;
				"CODE_SIGN_IDENTITY[sdk=iphoneos*]" = "iPhone Developer";
				COPY_PHASE_STRIP = NO;
				GCC_C_LANGUAGE_STANDARD = gnu99;
				GCC_DYNAMIC_NO_PIC = NO;
				GCC_OPTIMIZATION_LEVEL = 0;
				GCC_PREPROCESSOR_DEFINITIONS = (
					"DEBUG=1",
					"$(inherited)",
				);
				GCC_SYMBOLS_PRIVATE_EXTERN = NO;
				GCC_WARN_ABOUT_RETURN_TYPE = YES;
				GCC_WARN_UNINITIALIZED_AUTOS = YES;
				GCC_WARN_UNUSED_VARIABLE = YES;
				IPHONEOS_DEPLOYMENT_TARGET = 6.0;
				ONLY_ACTIVE_ARCH = YES;
				SDKROOT = iphoneos;
			};
			name = Debug;
		};
		EBA3E97217B53C6F0012CD08 /* Release */ = {
			isa = XCBuildConfiguration;
			buildSettings = {
				ALWAYS_SEARCH_USER_PATHS = NO;
				CLANG_CXX_LANGUAGE_STANDARD = "gnu++0x";
				CLANG_CXX_LIBRARY = "libc++";
				CLANG_ENABLE_OBJC_ARC = YES;
				CLANG_WARN_CONSTANT_CONVERSION = YES;
				CLANG_WARN_EMPTY_BODY = YES;
				CLANG_WARN_ENUM_CONVERSION = YES;
				CLANG_WARN_INT_CONVERSION = YES;
				CLANG_WARN__DUPLICATE_METHOD_MATCH = YES;
				"CODE_SIGN_IDENTITY[sdk=iphoneos*]" = "iPhone Developer";
				COPY_PHASE_STRIP = YES;
				GCC_C_LANGUAGE_STANDARD = gnu99;
				GCC_WARN_ABOUT_RETURN_TYPE = YES;
				GCC_WARN_UNINITIALIZED_AUTOS = YES;
				GCC_WARN_UNUSED_VARIABLE = YES;
				IPHONEOS_DEPLOYMENT_TARGET = 6.0;
				OTHER_CFLAGS = "-DNS_BLOCK_ASSERTIONS=1";
				SDKROOT = iphoneos;
				VALIDATE_PRODUCT = YES;
			};
			name = Release;
		};
		EBA3E97417B53C6F0012CD08 /* Debug */ = {
			isa = XCBuildConfiguration;
			baseConfigurationReference = A929F7AF49084318BD710EA6 /* Pods.xcconfig */;
			buildSettings = {
				GCC_PRECOMPILE_PREFIX_HEADER = YES;
				GCC_PREFIX_HEADER = "PitchTimer/PitchTimer-Prefix.pch";
				INFOPLIST_FILE = "PitchTimer/PitchTimer-Info.plist";
				PRODUCT_NAME = "$(TARGET_NAME)";
				WRAPPER_EXTENSION = app;
			};
			name = Debug;
		};
		EBA3E97517B53C6F0012CD08 /* Release */ = {
			isa = XCBuildConfiguration;
			baseConfigurationReference = A929F7AF49084318BD710EA6 /* Pods.xcconfig */;
			buildSettings = {
				GCC_PRECOMPILE_PREFIX_HEADER = YES;
				GCC_PREFIX_HEADER = "PitchTimer/PitchTimer-Prefix.pch";
				INFOPLIST_FILE = "PitchTimer/PitchTimer-Info.plist";
				PRODUCT_NAME = "$(TARGET_NAME)";
				WRAPPER_EXTENSION = app;
			};
			name = Release;
		};
/* End XCBuildConfiguration section */

/* Begin XCConfigurationList section */
		EB388C6917CF8C55000C668F /* Build configuration list for PBXNativeTarget "KiwiUnitTest" */ = {
			isa = XCConfigurationList;
			buildConfigurations = (
				EB388C6717CF8C55000C668F /* Debug */,
				EB388C6817CF8C55000C668F /* Release */,
			);
			defaultConfigurationIsVisible = 0;
			defaultConfigurationName = Release;
		};
		EBA3E93617B53C6E0012CD08 /* Build configuration list for PBXProject "PitchTimer" */ = {
			isa = XCConfigurationList;
			buildConfigurations = (
				EBA3E97117B53C6F0012CD08 /* Debug */,
				EBA3E97217B53C6F0012CD08 /* Release */,
			);
			defaultConfigurationIsVisible = 0;
			defaultConfigurationName = Release;
		};
		EBA3E97317B53C6F0012CD08 /* Build configuration list for PBXNativeTarget "PitchTimer" */ = {
			isa = XCConfigurationList;
			buildConfigurations = (
				EBA3E97417B53C6F0012CD08 /* Debug */,
				EBA3E97517B53C6F0012CD08 /* Release */,
			);
			defaultConfigurationIsVisible = 0;
			defaultConfigurationName = Release;
		};
/* End XCConfigurationList section */

/* Begin XCVersionGroup section */
		EBA3E95817B53C6E0012CD08 /* PitchTimer.xcdatamodeld */ = {
			isa = XCVersionGroup;
			children = (
				EBA3E95917B53C6E0012CD08 /* PitchTimer.xcdatamodel */,
			);
			currentVersion = EBA3E95917B53C6E0012CD08 /* PitchTimer.xcdatamodel */;
			path = PitchTimer.xcdatamodeld;
			sourceTree = "<group>";
			versionGroupType = wrapper.xcdatamodel;
		};
/* End XCVersionGroup section */
	};
	rootObject = EBA3E93317B53C6E0012CD08 /* Project object */;
}
